
Microsoft Visual Studio Solution File, Format Version 12.00
# Visual Studio 2013
VisualStudioVersion = 12.0.21005.1
MinimumVisualStudioVersion = 10.0.40219.1
Project("{FAE04EC0-301F-11D3-BF4B-00C04F79EFBC}") = "WCFServiceServer", "WCFServiceServer\WCFServiceServer.csproj", "{9E094503-2B0E-49B9-AC13-95496FDF2525}"
EndProject
Project("{FAE04EC0-301F-11D3-BF4B-00C04F79EFBC}") = "BusinessLogic", "BusinessLogic\BusinessLogic.csproj", "{AE280ABD-9F3A-4081-B560-437498BD977E}"
EndProject
Project("{FAE04EC0-301F-11D3-BF4B-00C04F79EFBC}") = "DataAccessors", "DataAccessors\DataAccessors.csproj", "{CC4318D2-979F-4EF0-9125-283C7366D246}"
EndProject
Project("{FAE04EC0-301F-11D3-BF4B-00C04F79EFBC}") = "MyOrm", "MyOrm\MyOrm.csproj", "{F2C2BCAB-1A58-409F-8E51-F1417D624A8B}"
EndProject
Project("{FAE04EC0-301F-11D3-BF4B-00C04F79EFBC}") = "DataProject", "DataProject\DataProject.csproj", "{0C85E7B9-7397-494C-8B5D-A1AC893B2DD5}"
EndProject
Project("{FAE04EC0-301F-11D3-BF4B-00C04F79EFBC}") = "MvcClient", "MvcClient\MvcClient.csproj", "{5BEFB719-E66C-44AE-94E4-A7A902876EF0}"
EndProject
Global
	GlobalSection(SolutionConfigurationPlatforms) = preSolution
		Debug|Any CPU = Debug|Any CPU
		Release|Any CPU = Release|Any CPU
	EndGlobalSection
	GlobalSection(ProjectConfigurationPlatforms) = postSolution
		{9E094503-2B0E-49B9-AC13-95496FDF2525}.Debug|Any CPU.ActiveCfg = Debug|Any CPU
		{9E094503-2B0E-49B9-AC13-95496FDF2525}.Debug|Any CPU.Build.0 = Debug|Any CPU
		{9E094503-2B0E-49B9-AC13-95496FDF2525}.Release|Any CPU.ActiveCfg = Release|Any CPU
		{9E094503-2B0E-49B9-AC13-95496FDF2525}.Release|Any CPU.Build.0 = Release|Any CPU
		{AE280ABD-9F3A-4081-B560-437498BD977E}.Debug|Any CPU.ActiveCfg = Debug|Any CPU
		{AE280ABD-9F3A-4081-B560-437498BD977E}.Debug|Any CPU.Build.0 = Debug|Any CPU
		{AE280ABD-9F3A-4081-B560-437498BD977E}.Release|Any CPU.ActiveCfg = Release|Any CPU
		{AE280ABD-9F3A-4081-B560-437498BD977E}.Release|Any CPU.Build.0 = Release|Any CPU
		{CC4318D2-979F-4EF0-9125-283C7366D246}.Debug|Any CPU.ActiveCfg = Debug|Any CPU
		{CC4318D2-979F-4EF0-9125-283C7366D246}.Debug|Any CPU.Build.0 = Debug|Any CPU
		{CC4318D2-979F-4EF0-9125-283C7366D246}.Release|Any CPU.ActiveCfg = Release|Any CPU
		{CC4318D2-979F-4EF0-9125-283C7366D246}.Release|Any CPU.Build.0 = Release|Any CPU
		{F2C2BCAB-1A58-409F-8E51-F1417D624A8B}.Debug|Any CPU.ActiveCfg = Debug|Any CPU
		{F2C2BCAB-1A58-409F-8E51-F1417D624A8B}.Debug|Any CPU.Build.0 = Debug|Any CPU
		{F2C2BCAB-1A58-409F-8E51-F1417D624A8B}.Release|Any CPU.ActiveCfg = Release|Any CPU
		{F2C2BCAB-1A58-409F-8E51-F1417D624A8B}.Release|Any CPU.Build.0 = Release|Any CPU
		{0C85E7B9-7397-494C-8B5D-A1AC893B2DD5}.Debug|Any CPU.ActiveCfg = Debug|Any CPU
		{0C85E7B9-7397-494C-8B5D-A1AC893B2DD5}.Debug|Any CPU.Build.0 = Debug|Any CPU
		{0C85E7B9-7397-494C-8B5D-A1AC893B2DD5}.Release|Any CPU.ActiveCfg = Release|Any CPU
		{0C85E7B9-7397-494C-8B5D-A1AC893B2DD5}.Release|Any CPU.Build.0 = Release|Any CPU
		{5BEFB719-E66C-44AE-94E4-A7A902876EF0}.Debug|Any CPU.ActiveCfg = Debug|Any CPU
		{5BEFB719-E66C-44AE-94E4-A7A902876EF0}.Debug|Any CPU.Build.0 = Debug|Any CPU
		{5BEFB719-E66C-44AE-94E4-A7A902876EF0}.Release|Any CPU.ActiveCfg = Release|Any CPU
		{5BEFB719-E66C-44AE-94E4-A7A902876EF0}.Release|Any CPU.Build.0 = Release|Any CPU
	EndGlobalSection
	GlobalSection(SolutionProperties) = preSolution
		HideSolutionNode = FALSE
	EndGlobalSection
EndGlobal
